
Microsoft Visual Studio Solution File, Format Version 12.00
# Visual Studio 2017
Project("{FAE04EC0-301F-11D3-BF4B-00C04F79EFBC}") = "Jaozinho do degrade", "Jaozinho do degrade.csproj", "{445EC6FE-1A9F-5694-3542-2D0B2BA748F9}"
EndProject
Project("{FAE04EC0-301F-11D3-BF4B-00C04F79EFBC}") = "Jaozinho do degrade.Editor", "Jaozinho do degrade.Editor.csproj", "{11E0C80A-6FCD-8BA1-4F30-A764EBB9C9C3}"
EndProject
Global
	GlobalSection(SolutionConfigurationPlatforms) = preSolution
		Debug|Any CPU = Debug|Any CPU
		Release|Any CPU = Release|Any CPU
	EndGlobalSection
	GlobalSection(ProjectConfigurationPlatforms) = postSolution
		{445EC6FE-1A9F-5694-3542-2D0B2BA748F9}.Debug|Any CPU.ActiveCfg = Debug|Any CPU
		{445EC6FE-1A9F-5694-3542-2D0B2BA748F9}.Debug|Any CPU.Build.0 = Debug|Any CPU
		{445EC6FE-1A9F-5694-3542-2D0B2BA748F9}.Release|Any CPU.ActiveCfg = Release|Any CPU
		{445EC6FE-1A9F-5694-3542-2D0B2BA748F9}.Release|Any CPU.Build.0 = Release|Any CPU
		{11E0C80A-6FCD-8BA1-4F30-A764EBB9C9C3}.Debug|Any CPU.ActiveCfg = Debug|Any CPU
		{11E0C80A-6FCD-8BA1-4F30-A764EBB9C9C3}.Debug|Any CPU.Build.0 = Debug|Any CPU
		{11E0C80A-6FCD-8BA1-4F30-A764EBB9C9C3}.Release|Any CPU.ActiveCfg = Release|Any CPU
		{11E0C80A-6FCD-8BA1-4F30-A764EBB9C9C3}.Release|Any CPU.Build.0 = Release|Any CPU
	EndGlobalSection
	GlobalSection(SolutionProperties) = preSolution
		HideSolutionNode = FALSE
	EndGlobalSection
EndGlobal
